
Microsoft Visual Studio Solution File, Format Version 11.00
# Visual Studio 2010
Project("{6989167D-11E4-40FE-8C1A-2192A86A7E90}") = "新安江模型", "新安江模型\新安江模型.vfproj", "{52A341E6-6601-416C-81DF-982473C98D18}"
EndProject
Global
	GlobalSection(SolutionConfigurationPlatforms) = preSolution
		Debug|Win32 = Debug|Win32
		Release|Win32 = Release|Win32
	EndGlobalSection
	GlobalSection(ProjectConfigurationPlatforms) = postSolution
		{52A341E6-6601-416C-81DF-982473C98D18}.Debug|Win32.ActiveCfg = Debug|Win32
		{52A341E6-6601-416C-81DF-982473C98D18}.Debug|Win32.Build.0 = Debug|Win32
		{52A341E6-6601-416C-81DF-982473C98D18}.Release|Win32.ActiveCfg = Release|Win32
		{52A341E6-6601-416C-81DF-982473C98D18}.Release|Win32.Build.0 = Release|Win32
	EndGlobalSection
	GlobalSection(SolutionProperties) = preSolution
		HideSolutionNode = FALSE
	EndGlobalSection
EndGlobal
